
Microsoft Visual Studio Solution File, Format Version 12.00
# Visual Studio Version 17
VisualStudioVersion = 17.12.35527.113
MinimumVisualStudioVersion = 10.0.40219.1
Project("{2150E333-8FDC-42A3-9474-1A3956D46DE8}") = "@Pipeline", "@Pipeline", "{02EA681E-C7D8-13C7-8484-4AC65E1B71E8}"
	ProjectSection(SolutionItems) = preProject
		azure-pipelines.yml = azure-pipelines.yml
		BuildNuget.config = BuildNuget.config
	EndProjectSection
EndProject
Project("{2150E333-8FDC-42A3-9474-1A3956D46DE8}") = "Deployment", "Deployment", "{596A0DB9-2056-4788-A518-AE735F3C84EA}"
	ProjectSection(SolutionItems) = preProject
		deployment\AddProjectReferences.ps1 = deployment\AddProjectReferences.ps1
		deployment\Apply-AssemblyVersionAndDefaults.ps1 = deployment\Apply-AssemblyVersionAndDefaults.ps1
		deployment\integration-test-build.yml = deployment\integration-test-build.yml
	EndProjectSection
EndProject
Project("{2150E333-8FDC-42A3-9474-1A3956D46DE8}") = "@Tools", "@Tools", "{2412214A-06CE-41AD-AB6F-349D1ABE2A73}"
EndProject
Project("{FAE04EC0-301F-11D3-BF4B-00C04F79EFBC}") = "ClientGenerator", "tools\ClientGenerator\ClientGenerator.csproj", "{71640A1B-08D7-4DB3-A4DC-39F4E49865FE}"
EndProject
Project("{FAE04EC0-301F-11D3-BF4B-00C04F79EFBC}") = "UKHO.ADDS.Clients.FileShare", "src\UKHO.ADDS.Clients.FileShare\UKHO.ADDS.Clients.FileShare.csproj", "{617A155C-A890-4AC6-A3E5-57164BBC7899}"
EndProject
Global
	GlobalSection(SolutionConfigurationPlatforms) = preSolution
		Debug|Any CPU = Debug|Any CPU
		Release|Any CPU = Release|Any CPU
	EndGlobalSection
	GlobalSection(ProjectConfigurationPlatforms) = postSolution
		{71640A1B-08D7-4DB3-A4DC-39F4E49865FE}.Debug|Any CPU.ActiveCfg = Debug|Any CPU
		{71640A1B-08D7-4DB3-A4DC-39F4E49865FE}.Debug|Any CPU.Build.0 = Debug|Any CPU
		{71640A1B-08D7-4DB3-A4DC-39F4E49865FE}.Release|Any CPU.ActiveCfg = Release|Any CPU
		{71640A1B-08D7-4DB3-A4DC-39F4E49865FE}.Release|Any CPU.Build.0 = Release|Any CPU
		{617A155C-A890-4AC6-A3E5-57164BBC7899}.Debug|Any CPU.ActiveCfg = Debug|Any CPU
		{617A155C-A890-4AC6-A3E5-57164BBC7899}.Debug|Any CPU.Build.0 = Debug|Any CPU
		{617A155C-A890-4AC6-A3E5-57164BBC7899}.Release|Any CPU.ActiveCfg = Release|Any CPU
		{617A155C-A890-4AC6-A3E5-57164BBC7899}.Release|Any CPU.Build.0 = Release|Any CPU
	EndGlobalSection
	GlobalSection(SolutionProperties) = preSolution
		HideSolutionNode = FALSE
	EndGlobalSection
	GlobalSection(NestedProjects) = preSolution
		{596A0DB9-2056-4788-A518-AE735F3C84EA} = {02EA681E-C7D8-13C7-8484-4AC65E1B71E8}
		{71640A1B-08D7-4DB3-A4DC-39F4E49865FE} = {2412214A-06CE-41AD-AB6F-349D1ABE2A73}
	EndGlobalSection
	GlobalSection(ExtensibilityGlobals) = postSolution
		SolutionGuid = {167AB8EC-098E-4189-B92D-BEE77911725F}
	EndGlobalSection
EndGlobal
